
Microsoft Visual Studio Solution File, Format Version 12.00
Project("{FAE04EC0-301F-11D3-BF4B-00C04F79EFBC}") = "ProcessControl", "ProcessControl\ProcessControl.csproj", "{C777A6BA-7F8D-4CBB-9452-3D8DF7461827}"
EndProject
Project("{FAE04EC0-301F-11D3-BF4B-00C04F79EFBC}") = "CareersTests", "CareersTests\CareersTests.csproj", "{079D5EA7-A15D-4332-946A-409D298A84B3}"
EndProject
Global
	GlobalSection(SolutionConfigurationPlatforms) = preSolution
		Debug|Any CPU = Debug|Any CPU
		Release|Any CPU = Release|Any CPU
	EndGlobalSection
	GlobalSection(ProjectConfigurationPlatforms) = postSolution
		{C777A6BA-7F8D-4CBB-9452-3D8DF7461827}.Debug|Any CPU.ActiveCfg = Debug|Any CPU
		{C777A6BA-7F8D-4CBB-9452-3D8DF7461827}.Debug|Any CPU.Build.0 = Debug|Any CPU
		{C777A6BA-7F8D-4CBB-9452-3D8DF7461827}.Release|Any CPU.ActiveCfg = Release|Any CPU
		{C777A6BA-7F8D-4CBB-9452-3D8DF7461827}.Release|Any CPU.Build.0 = Release|Any CPU
		{079D5EA7-A15D-4332-946A-409D298A84B3}.Debug|Any CPU.ActiveCfg = Debug|Any CPU
		{079D5EA7-A15D-4332-946A-409D298A84B3}.Debug|Any CPU.Build.0 = Debug|Any CPU
		{079D5EA7-A15D-4332-946A-409D298A84B3}.Release|Any CPU.ActiveCfg = Release|Any CPU
		{079D5EA7-A15D-4332-946A-409D298A84B3}.Release|Any CPU.Build.0 = Release|Any CPU
	EndGlobalSection
EndGlobal
